// !$*UTF8*$!
{
	archiveVersion = 1;
	classes = {
	};
	objectVersion = 56;
	objects = {

/* Begin PBXBuildFile section */
		B923B4EB2AC1B1E900F79057 /* GoogleService-Info.plist in Resources */ = {isa = PBXBuildFile; fileRef = B923B4EA2AC1B1E800F79057 /* GoogleService-Info.plist */; };
		B923B4EE2AC1B21D00F79057 /* GoogleSignIn in Frameworks */ = {isa = PBXBuildFile; productRef = B923B4ED2AC1B21D00F79057 /* GoogleSignIn */; };
		B923B4F02AC1B21D00F79057 /* GoogleSignInSwift in Frameworks */ = {isa = PBXBuildFile; productRef = B923B4EF2AC1B21D00F79057 /* GoogleSignInSwift */; };
		B923B4F42AC1B2D800F79057 /* SignInWithGoogle.swift in Sources */ = {isa = PBXBuildFile; fileRef = B923B4F32AC1B2D800F79057 /* SignInWithGoogle.swift */; };
		B95AE63D2AC19EB700E73C9F /* KrishiSaathi_iOSApp.swift in Sources */ = {isa = PBXBuildFile; fileRef = B95AE63C2AC19EB700E73C9F /* KrishiSaathi_iOSApp.swift */; };
		B95AE63F2AC19EB700E73C9F /* ContentView.swift in Sources */ = {isa = PBXBuildFile; fileRef = B95AE63E2AC19EB700E73C9F /* ContentView.swift */; };
		B95AE6412AC19EB900E73C9F /* Assets.xcassets in Resources */ = {isa = PBXBuildFile; fileRef = B95AE6402AC19EB900E73C9F /* Assets.xcassets */; };
		B95AE6442AC19EB900E73C9F /* Preview Assets.xcassets in Resources */ = {isa = PBXBuildFile; fileRef = B95AE6432AC19EB900E73C9F /* Preview Assets.xcassets */; };
		B95AE64E2AC19EB900E73C9F /* KrishiSaathi_iOSTests.swift in Sources */ = {isa = PBXBuildFile; fileRef = B95AE64D2AC19EB900E73C9F /* KrishiSaathi_iOSTests.swift */; };
		B95AE6582AC19EB900E73C9F /* KrishiSaathi_iOSUITests.swift in Sources */ = {isa = PBXBuildFile; fileRef = B95AE6572AC19EB900E73C9F /* KrishiSaathi_iOSUITests.swift */; };
		B95AE65A2AC19EB900E73C9F /* KrishiSaathi_iOSUITestsLaunchTests.swift in Sources */ = {isa = PBXBuildFile; fileRef = B95AE6592AC19EB900E73C9F /* KrishiSaathi_iOSUITestsLaunchTests.swift */; };
		B95AE66A2AC1A4A500E73C9F /* FirebaseAuth in Frameworks */ = {isa = PBXBuildFile; productRef = B95AE6692AC1A4A500E73C9F /* FirebaseAuth */; };
		B9F53E6D2AC1BB1100D89935 /* GoogleSignIn.swift in Sources */ = {isa = PBXBuildFile; fileRef = B9F53E6C2AC1BB1100D89935 /* GoogleSignIn.swift */; };
		B9F53E6F2AC1BF7C00D89935 /* Application.swift in Sources */ = {isa = PBXBuildFile; fileRef = B9F53E6E2AC1BF7C00D89935 /* Application.swift */; };
		B9F53E712AC1C3C500D89935 /* EmailSignUp.swift in Sources */ = {isa = PBXBuildFile; fileRef = B9F53E702AC1C3C500D89935 /* EmailSignUp.swift */; };
		B9F53E732AC1C4C400D89935 /* ViewModel.swift in Sources */ = {isa = PBXBuildFile; fileRef = B9F53E722AC1C4C400D89935 /* ViewModel.swift */; };
		B9F53E752AC1C80A00D89935 /* EmailLogIn.swift in Sources */ = {isa = PBXBuildFile; fileRef = B9F53E742AC1C80A00D89935 /* EmailLogIn.swift */; };
		B9F53E772AC1CA3200D89935 /* LogOut.swift in Sources */ = {isa = PBXBuildFile; fileRef = B9F53E762AC1CA3200D89935 /* LogOut.swift */; };
		B9F53E792AC1E76C00D89935 /* PredictView.swift in Sources */ = {isa = PBXBuildFile; fileRef = B9F53E782AC1E76C00D89935 /* PredictView.swift */; };
		B9F53E7B2AC1EF6800D89935 /* AddDetailsView.swift in Sources */ = {isa = PBXBuildFile; fileRef = B9F53E7A2AC1EF6800D89935 /* AddDetailsView.swift */; };
		B9F53E7D2AC1F07B00D89935 /* Data.swift in Sources */ = {isa = PBXBuildFile; fileRef = B9F53E7C2AC1F07B00D89935 /* Data.swift */; };
/* End PBXBuildFile section */

/* Begin PBXContainerItemProxy section */
		B95AE64A2AC19EB900E73C9F /* PBXContainerItemProxy */ = {
			isa = PBXContainerItemProxy;
			containerPortal = B95AE6312AC19EB700E73C9F /* Project object */;
			proxyType = 1;
			remoteGlobalIDString = B95AE6382AC19EB700E73C9F;
			remoteInfo = "KrishiSaathi iOS";
		};
		B95AE6542AC19EB900E73C9F /* PBXContainerItemProxy */ = {
			isa = PBXContainerItemProxy;
			containerPortal = B95AE6312AC19EB700E73C9F /* Project object */;
			proxyType = 1;
			remoteGlobalIDString = B95AE6382AC19EB700E73C9F;
			remoteInfo = "KrishiSaathi iOS";
		};
/* End PBXContainerItemProxy section */

/* Begin PBXFileReference section */
		B923B4EA2AC1B1E800F79057 /* GoogleService-Info.plist */ = {isa = PBXFileReference; fileEncoding = 4; lastKnownFileType = text.plist.xml; path = "GoogleService-Info.plist"; sourceTree = "<group>"; };
		B923B4F12AC1B27D00F79057 /* KrishiSaathi-iOS-Info.plist */ = {isa = PBXFileReference; lastKnownFileType = text.plist; path = "KrishiSaathi-iOS-Info.plist"; sourceTree = SOURCE_ROOT; };
		B923B4F32AC1B2D800F79057 /* SignInWithGoogle.swift */ = {isa = PBXFileReference; lastKnownFileType = sourcecode.swift; path = SignInWithGoogle.swift; sourceTree = "<group>"; };
		B95AE6392AC19EB700E73C9F /* KrishiSaathi iOS.app */ = {isa = PBXFileReference; explicitFileType = wrapper.application; includeInIndex = 0; path = "KrishiSaathi iOS.app"; sourceTree = BUILT_PRODUCTS_DIR; };
		B95AE63C2AC19EB700E73C9F /* KrishiSaathi_iOSApp.swift */ = {isa = PBXFileReference; lastKnownFileType = sourcecode.swift; path = KrishiSaathi_iOSApp.swift; sourceTree = "<group>"; };
		B95AE63E2AC19EB700E73C9F /* ContentView.swift */ = {isa = PBXFileReference; lastKnownFileType = sourcecode.swift; path = ContentView.swift; sourceTree = "<group>"; };
		B95AE6402AC19EB900E73C9F /* Assets.xcassets */ = {isa = PBXFileReference; lastKnownFileType = folder.assetcatalog; path = Assets.xcassets; sourceTree = "<group>"; };
		B95AE6432AC19EB900E73C9F /* Preview Assets.xcassets */ = {isa = PBXFileReference; lastKnownFileType = folder.assetcatalog; path = "Preview Assets.xcassets"; sourceTree = "<group>"; };
		B95AE6492AC19EB900E73C9F /* KrishiSaathi iOSTests.xctest */ = {isa = PBXFileReference; explicitFileType = wrapper.cfbundle; includeInIndex = 0; path = "KrishiSaathi iOSTests.xctest"; sourceTree = BUILT_PRODUCTS_DIR; };
		B95AE64D2AC19EB900E73C9F /* KrishiSaathi_iOSTests.swift */ = {isa = PBXFileReference; lastKnownFileType = sourcecode.swift; path = KrishiSaathi_iOSTests.swift; sourceTree = "<group>"; };
		B95AE6532AC19EB900E73C9F /* KrishiSaathi iOSUITests.xctest */ = {isa = PBXFileReference; explicitFileType = wrapper.cfbundle; includeInIndex = 0; path = "KrishiSaathi iOSUITests.xctest"; sourceTree = BUILT_PRODUCTS_DIR; };
		B95AE6572AC19EB900E73C9F /* KrishiSaathi_iOSUITests.swift */ = {isa = PBXFileReference; lastKnownFileType = sourcecode.swift; path = KrishiSaathi_iOSUITests.swift; sourceTree = "<group>"; };
		B95AE6592AC19EB900E73C9F /* KrishiSaathi_iOSUITestsLaunchTests.swift */ = {isa = PBXFileReference; lastKnownFileType = sourcecode.swift; path = KrishiSaathi_iOSUITestsLaunchTests.swift; sourceTree = "<group>"; };
		B9F53E6C2AC1BB1100D89935 /* GoogleSignIn.swift */ = {isa = PBXFileReference; lastKnownFileType = sourcecode.swift; path = GoogleSignIn.swift; sourceTree = "<group>"; };
		B9F53E6E2AC1BF7C00D89935 /* Application.swift */ = {isa = PBXFileReference; lastKnownFileType = sourcecode.swift; path = Application.swift; sourceTree = "<group>"; };
		B9F53E702AC1C3C500D89935 /* EmailSignUp.swift */ = {isa = PBXFileReference; lastKnownFileType = sourcecode.swift; path = EmailSignUp.swift; sourceTree = "<group>"; };
		B9F53E722AC1C4C400D89935 /* ViewModel.swift */ = {isa = PBXFileReference; lastKnownFileType = sourcecode.swift; path = ViewModel.swift; sourceTree = "<group>"; };
		B9F53E742AC1C80A00D89935 /* EmailLogIn.swift */ = {isa = PBXFileReference; lastKnownFileType = sourcecode.swift; path = EmailLogIn.swift; sourceTree = "<group>"; };
		B9F53E762AC1CA3200D89935 /* LogOut.swift */ = {isa = PBXFileReference; lastKnownFileType = sourcecode.swift; path = LogOut.swift; sourceTree = "<group>"; };
		B9F53E782AC1E76C00D89935 /* PredictView.swift */ = {isa = PBXFileReference; lastKnownFileType = sourcecode.swift; path = PredictView.swift; sourceTree = "<group>"; };
		B9F53E7A2AC1EF6800D89935 /* AddDetailsView.swift */ = {isa = PBXFileReference; lastKnownFileType = sourcecode.swift; path = AddDetailsView.swift; sourceTree = "<group>"; };
		B9F53E7C2AC1F07B00D89935 /* Data.swift */ = {isa = PBXFileReference; lastKnownFileType = sourcecode.swift; path = Data.swift; sourceTree = "<group>"; };
/* End PBXFileReference section */

/* Begin PBXFrameworksBuildPhase section */
		B95AE6362AC19EB700E73C9F /* Frameworks */ = {
			isa = PBXFrameworksBuildPhase;
			buildActionMask = 2147483647;
			files = (
				B923B4F02AC1B21D00F79057 /* GoogleSignInSwift in Frameworks */,
				B95AE66A2AC1A4A500E73C9F /* FirebaseAuth in Frameworks */,
				B923B4EE2AC1B21D00F79057 /* GoogleSignIn in Frameworks */,
			);
			runOnlyForDeploymentPostprocessing = 0;
		};
		B95AE6462AC19EB900E73C9F /* Frameworks */ = {
			isa = PBXFrameworksBuildPhase;
			buildActionMask = 2147483647;
			files = (
			);
			runOnlyForDeploymentPostprocessing = 0;
		};
		B95AE6502AC19EB900E73C9F /* Frameworks */ = {
			isa = PBXFrameworksBuildPhase;
			buildActionMask = 2147483647;
			files = (
			);
			runOnlyForDeploymentPostprocessing = 0;
		};
/* End PBXFrameworksBuildPhase section */

/* Begin PBXGroup section */
		B923B4F22AC1B2B700F79057 /* Screens */ = {
			isa = PBXGroup;
			children = (
				B95AE63E2AC19EB700E73C9F /* ContentView.swift */,
				B923B4F32AC1B2D800F79057 /* SignInWithGoogle.swift */,
				B9F53E702AC1C3C500D89935 /* EmailSignUp.swift */,
				B9F53E742AC1C80A00D89935 /* EmailLogIn.swift */,
				B9F53E762AC1CA3200D89935 /* LogOut.swift */,
				B9F53E782AC1E76C00D89935 /* PredictView.swift */,
				B9F53E7A2AC1EF6800D89935 /* AddDetailsView.swift */,
			);
			path = Screens;
			sourceTree = "<group>";
		};
		B95AE6302AC19EB700E73C9F = {
			isa = PBXGroup;
			children = (
				B95AE63B2AC19EB700E73C9F /* KrishiSaathi iOS */,
				B95AE64C2AC19EB900E73C9F /* KrishiSaathi iOSTests */,
				B95AE6562AC19EB900E73C9F /* KrishiSaathi iOSUITests */,
				B95AE63A2AC19EB700E73C9F /* Products */,
			);
			sourceTree = "<group>";
		};
		B95AE63A2AC19EB700E73C9F /* Products */ = {
			isa = PBXGroup;
			children = (
				B95AE6392AC19EB700E73C9F /* KrishiSaathi iOS.app */,
				B95AE6492AC19EB900E73C9F /* KrishiSaathi iOSTests.xctest */,
				B95AE6532AC19EB900E73C9F /* KrishiSaathi iOSUITests.xctest */,
			);
			name = Products;
			sourceTree = "<group>";
		};
		B95AE63B2AC19EB700E73C9F /* KrishiSaathi iOS */ = {
			isa = PBXGroup;
			children = (
				B9F53E6B2AC1BACC00D89935 /* AppModel */,
				B923B4F12AC1B27D00F79057 /* KrishiSaathi-iOS-Info.plist */,
				B923B4EA2AC1B1E800F79057 /* GoogleService-Info.plist */,
				B95AE63C2AC19EB700E73C9F /* KrishiSaathi_iOSApp.swift */,
				B923B4F22AC1B2B700F79057 /* Screens */,
				B95AE6402AC19EB900E73C9F /* Assets.xcassets */,
				B95AE6422AC19EB900E73C9F /* Preview Content */,
			);
			path = "KrishiSaathi iOS";
			sourceTree = "<group>";
		};
		B95AE6422AC19EB900E73C9F /* Preview Content */ = {
			isa = PBXGroup;
			children = (
				B95AE6432AC19EB900E73C9F /* Preview Assets.xcassets */,
			);
			path = "Preview Content";
			sourceTree = "<group>";
		};
		B95AE64C2AC19EB900E73C9F /* KrishiSaathi iOSTests */ = {
			isa = PBXGroup;
			children = (
				B95AE64D2AC19EB900E73C9F /* KrishiSaathi_iOSTests.swift */,
			);
			path = "KrishiSaathi iOSTests";
			sourceTree = "<group>";
		};
		B95AE6562AC19EB900E73C9F /* KrishiSaathi iOSUITests */ = {
			isa = PBXGroup;
			children = (
				B95AE6572AC19EB900E73C9F /* KrishiSaathi_iOSUITests.swift */,
				B95AE6592AC19EB900E73C9F /* KrishiSaathi_iOSUITestsLaunchTests.swift */,
			);
			path = "KrishiSaathi iOSUITests";
			sourceTree = "<group>";
		};
		B9F53E6B2AC1BACC00D89935 /* AppModel */ = {
			isa = PBXGroup;
			children = (
				B9F53E6C2AC1BB1100D89935 /* GoogleSignIn.swift */,
				B9F53E6E2AC1BF7C00D89935 /* Application.swift */,
				B9F53E722AC1C4C400D89935 /* ViewModel.swift */,
				B9F53E7C2AC1F07B00D89935 /* Data.swift */,
			);
			path = AppModel;
			sourceTree = "<group>";
		};
/* End PBXGroup section */

/* Begin PBXNativeTarget section */
		B95AE6382AC19EB700E73C9F /* KrishiSaathi iOS */ = {
			isa = PBXNativeTarget;
			buildConfigurationList = B95AE65D2AC19EB900E73C9F /* Build configuration list for PBXNativeTarget "KrishiSaathi iOS" */;
			buildPhases = (
				B95AE6352AC19EB700E73C9F /* Sources */,
				B95AE6362AC19EB700E73C9F /* Frameworks */,
				B95AE6372AC19EB700E73C9F /* Resources */,
			);
			buildRules = (
			);
			dependencies = (
			);
			name = "KrishiSaathi iOS";
			packageProductDependencies = (
				B95AE6692AC1A4A500E73C9F /* FirebaseAuth */,
				B923B4ED2AC1B21D00F79057 /* GoogleSignIn */,
				B923B4EF2AC1B21D00F79057 /* GoogleSignInSwift */,
			);
			productName = "KrishiSaathi iOS";
			productReference = B95AE6392AC19EB700E73C9F /* KrishiSaathi iOS.app */;
			productType = "com.apple.product-type.application";
		};
		B95AE6482AC19EB900E73C9F /* KrishiSaathi iOSTests */ = {
			isa = PBXNativeTarget;
			buildConfigurationList = B95AE6602AC19EB900E73C9F /* Build configuration list for PBXNativeTarget "KrishiSaathi iOSTests" */;
			buildPhases = (
				B95AE6452AC19EB900E73C9F /* Sources */,
				B95AE6462AC19EB900E73C9F /* Frameworks */,
				B95AE6472AC19EB900E73C9F /* Resources */,
			);
			buildRules = (
			);
			dependencies = (
				B95AE64B2AC19EB900E73C9F /* PBXTargetDependency */,
			);
			name = "KrishiSaathi iOSTests";
			productName = "KrishiSaathi iOSTests";
			productReference = B95AE6492AC19EB900E73C9F /* KrishiSaathi iOSTests.xctest */;
			productType = "com.apple.product-type.bundle.unit-test";
		};
		B95AE6522AC19EB900E73C9F /* KrishiSaathi iOSUITests */ = {
			isa = PBXNativeTarget;
			buildConfigurationList = B95AE6632AC19EB900E73C9F /* Build configuration list for PBXNativeTarget "KrishiSaathi iOSUITests" */;
			buildPhases = (
				B95AE64F2AC19EB900E73C9F /* Sources */,
				B95AE6502AC19EB900E73C9F /* Frameworks */,
				B95AE6512AC19EB900E73C9F /* Resources */,
			);
			buildRules = (
			);
			dependencies = (
				B95AE6552AC19EB900E73C9F /* PBXTargetDependency */,
			);
			name = "KrishiSaathi iOSUITests";
			productName = "KrishiSaathi iOSUITests";
			productReference = B95AE6532AC19EB900E73C9F /* KrishiSaathi iOSUITests.xctest */;
			productType = "com.apple.product-type.bundle.ui-testing";
		};
/* End PBXNativeTarget section */

/* Begin PBXProject section */
		B95AE6312AC19EB700E73C9F /* Project object */ = {
			isa = PBXProject;
			attributes = {
				BuildIndependentTargetsInParallel = 1;
				LastSwiftUpdateCheck = 1430;
				LastUpgradeCheck = 1430;
				TargetAttributes = {
					B95AE6382AC19EB700E73C9F = {
						CreatedOnToolsVersion = 14.3.1;
					};
					B95AE6482AC19EB900E73C9F = {
						CreatedOnToolsVersion = 14.3.1;
						TestTargetID = B95AE6382AC19EB700E73C9F;
					};
					B95AE6522AC19EB900E73C9F = {
						CreatedOnToolsVersion = 14.3.1;
						TestTargetID = B95AE6382AC19EB700E73C9F;
					};
				};
			};
			buildConfigurationList = B95AE6342AC19EB700E73C9F /* Build configuration list for PBXProject "KrishiSaathi iOS" */;
			compatibilityVersion = "Xcode 14.0";
			developmentRegion = en;
			hasScannedForEncodings = 0;
			knownRegions = (
				en,
				Base,
			);
			mainGroup = B95AE6302AC19EB700E73C9F;
			packageReferences = (
				B95AE6682AC1A4A500E73C9F /* XCRemoteSwiftPackageReference "firebase-ios-sdk" */,
				B923B4EC2AC1B21D00F79057 /* XCRemoteSwiftPackageReference "GoogleSignIn-iOS" */,
			);
			productRefGroup = B95AE63A2AC19EB700E73C9F /* Products */;
			projectDirPath = "";
			projectRoot = "";
			targets = (
				B95AE6382AC19EB700E73C9F /* KrishiSaathi iOS */,
				B95AE6482AC19EB900E73C9F /* KrishiSaathi iOSTests */,
				B95AE6522AC19EB900E73C9F /* KrishiSaathi iOSUITests */,
			);
		};
/* End PBXProject section */

/* Begin PBXResourcesBuildPhase section */
		B95AE6372AC19EB700E73C9F /* Resources */ = {
			isa = PBXResourcesBuildPhase;
			buildActionMask = 2147483647;
			files = (
				B95AE6442AC19EB900E73C9F /* Preview Assets.xcassets in Resources */,
				B95AE6412AC19EB900E73C9F /* Assets.xcassets in Resources */,
				B923B4EB2AC1B1E900F79057 /* GoogleService-Info.plist in Resources */,
			);
			runOnlyForDeploymentPostprocessing = 0;
		};
		B95AE6472AC19EB900E73C9F /* Resources */ = {
			isa = PBXResourcesBuildPhase;
			buildActionMask = 2147483647;
			files = (
			);
			runOnlyForDeploymentPostprocessing = 0;
		};
		B95AE6512AC19EB900E73C9F /* Resources */ = {
			isa = PBXResourcesBuildPhase;
			buildActionMask = 2147483647;
			files = (
			);
			runOnlyForDeploymentPostprocessing = 0;
		};
/* End PBXResourcesBuildPhase section */

/* Begin PBXSourcesBuildPhase section */
		B95AE6352AC19EB700E73C9F /* Sources */ = {
			isa = PBXSourcesBuildPhase;
			buildActionMask = 2147483647;
			files = (
				B9F53E6F2AC1BF7C00D89935 /* Application.swift in Sources */,
				B923B4F42AC1B2D800F79057 /* SignInWithGoogle.swift in Sources */,
				B9F53E712AC1C3C500D89935 /* EmailSignUp.swift in Sources */,
				B95AE63F2AC19EB700E73C9F /* ContentView.swift in Sources */,
				B9F53E752AC1C80A00D89935 /* EmailLogIn.swift in Sources */,
				B9F53E7B2AC1EF6800D89935 /* AddDetailsView.swift in Sources */,
				B9F53E772AC1CA3200D89935 /* LogOut.swift in Sources */,
				B9F53E7D2AC1F07B00D89935 /* Data.swift in Sources */,
				B9F53E792AC1E76C00D89935 /* PredictView.swift in Sources */,
				B9F53E6D2AC1BB1100D89935 /* GoogleSignIn.swift in Sources */,
				B95AE63D2AC19EB700E73C9F /* KrishiSaathi_iOSApp.swift in Sources */,
				B9F53E732AC1C4C400D89935 /* ViewModel.swift in Sources */,
			);
			runOnlyForDeploymentPostprocessing = 0;
		};
		B95AE6452AC19EB900E73C9F /* Sources */ = {
			isa = PBXSourcesBuildPhase;
			buildActionMask = 2147483647;
			files = (
				B95AE64E2AC19EB900E73C9F /* KrishiSaathi_iOSTests.swift in Sources */,
			);
			runOnlyForDeploymentPostprocessing = 0;
		};
		B95AE64F2AC19EB900E73C9F /* Sources */ = {
			isa = PBXSourcesBuildPhase;
			buildActionMask = 2147483647;
			files = (
				B95AE65A2AC19EB900E73C9F /* KrishiSaathi_iOSUITestsLaunchTests.swift in Sources */,
				B95AE6582AC19EB900E73C9F /* KrishiSaathi_iOSUITests.swift in Sources */,
			);
			runOnlyForDeploymentPostprocessing = 0;
		};
/* End PBXSourcesBuildPhase section */

/* Begin PBXTargetDependency section */
		B95AE64B2AC19EB900E73C9F /* PBXTargetDependency */ = {
			isa = PBXTargetDependency;
			target = B95AE6382AC19EB700E73C9F /* KrishiSaathi iOS */;
			targetProxy = B95AE64A2AC19EB900E73C9F /* PBXContainerItemProxy */;
		};
		B95AE6552AC19EB900E73C9F /* PBXTargetDependency */ = {
			isa = PBXTargetDependency;
			target = B95AE6382AC19EB700E73C9F /* KrishiSaathi iOS */;
			targetProxy = B95AE6542AC19EB900E73C9F /* PBXContainerItemProxy */;
		};
/* End PBXTargetDependency section */

/* Begin XCBuildConfiguration section */
		B95AE65B2AC19EB900E73C9F /* Debug */ = {
			isa = XCBuildConfiguration;
			buildSettings = {
				ALWAYS_SEARCH_USER_PATHS = NO;
				CLANG_ANALYZER_NONNULL = YES;
				CLANG_ANALYZER_NUMBER_OBJECT_CONVERSION = YES_AGGRESSIVE;
				CLANG_CXX_LANGUAGE_STANDARD = "gnu++20";
				CLANG_ENABLE_MODULES = YES;
				CLANG_ENABLE_OBJC_ARC = YES;
				CLANG_ENABLE_OBJC_WEAK = YES;
				CLANG_WARN_BLOCK_CAPTURE_AUTORELEASING = YES;
				CLANG_WARN_BOOL_CONVERSION = YES;
				CLANG_WARN_COMMA = YES;
				CLANG_WARN_CONSTANT_CONVERSION = YES;
				CLANG_WARN_DEPRECATED_OBJC_IMPLEMENTATIONS = YES;
				CLANG_WARN_DIRECT_OBJC_ISA_USAGE = YES_ERROR;
				CLANG_WARN_DOCUMENTATION_COMMENTS = YES;
				CLANG_WARN_EMPTY_BODY = YES;
				CLANG_WARN_ENUM_CONVERSION = YES;
				CLANG_WARN_INFINITE_RECURSION = YES;
				CLANG_WARN_INT_CONVERSION = YES;
				CLANG_WARN_NON_LITERAL_NULL_CONVERSION = YES;
				CLANG_WARN_OBJC_IMPLICIT_RETAIN_SELF = YES;
				CLANG_WARN_OBJC_LITERAL_CONVERSION = YES;
				CLANG_WARN_OBJC_ROOT_CLASS = YES_ERROR;
				CLANG_WARN_QUOTED_INCLUDE_IN_FRAMEWORK_HEADER = YES;
				CLANG_WARN_RANGE_LOOP_ANALYSIS = YES;
				CLANG_WARN_STRICT_PROTOTYPES = YES;
				CLANG_WARN_SUSPICIOUS_MOVE = YES;
				CLANG_WARN_UNGUARDED_AVAILABILITY = YES_AGGRESSIVE;
				CLANG_WARN_UNREACHABLE_CODE = YES;
				CLANG_WARN__DUPLICATE_METHOD_MATCH = YES;
				COPY_PHASE_STRIP = NO;
				DEBUG_INFORMATION_FORMAT = dwarf;
				ENABLE_STRICT_OBJC_MSGSEND = YES;
				ENABLE_TESTABILITY = YES;
				GCC_C_LANGUAGE_STANDARD = gnu11;
				GCC_DYNAMIC_NO_PIC = NO;
				GCC_NO_COMMON_BLOCKS = YES;
				GCC_OPTIMIZATION_LEVEL = 0;
				GCC_PREPROCESSOR_DEFINITIONS = (
					"DEBUG=1",
					"$(inherited)",
				);
				GCC_WARN_64_TO_32_BIT_CONVERSION = YES;
				GCC_WARN_ABOUT_RETURN_TYPE = YES_ERROR;
				GCC_WARN_UNDECLARED_SELECTOR = YES;
				GCC_WARN_UNINITIALIZED_AUTOS = YES_AGGRESSIVE;
				GCC_WARN_UNUSED_FUNCTION = YES;
				GCC_WARN_UNUSED_VARIABLE = YES;
				IPHONEOS_DEPLOYMENT_TARGET = 16.4;
				MTL_ENABLE_DEBUG_INFO = INCLUDE_SOURCE;
				MTL_FAST_MATH = YES;
				ONLY_ACTIVE_ARCH = YES;
				SDKROOT = iphoneos;
				SWIFT_ACTIVE_COMPILATION_CONDITIONS = DEBUG;
				SWIFT_OPTIMIZATION_LEVEL = "-Onone";
			};
			name = Debug;
		};
		B95AE65C2AC19EB900E73C9F /* Release */ = {
			isa = XCBuildConfiguration;
			buildSettings = {
				ALWAYS_SEARCH_USER_PATHS = NO;
				CLANG_ANALYZER_NONNULL = YES;
				CLANG_ANALYZER_NUMBER_OBJECT_CONVERSION = YES_AGGRESSIVE;
				CLANG_CXX_LANGUAGE_STANDARD = "gnu++20";
				CLANG_ENABLE_MODULES = YES;
				CLANG_ENABLE_OBJC_ARC = YES;
				CLANG_ENABLE_OBJC_WEAK = YES;
				CLANG_WARN_BLOCK_CAPTURE_AUTORELEASING = YES;
				CLANG_WARN_BOOL_CONVERSION = YES;
				CLANG_WARN_COMMA = YES;
				CLANG_WARN_CONSTANT_CONVERSION = YES;
				CLANG_WARN_DEPRECATED_OBJC_IMPLEMENTATIONS = YES;
				CLANG_WARN_DIRECT_OBJC_ISA_USAGE = YES_ERROR;
				CLANG_WARN_DOCUMENTATION_COMMENTS = YES;
				CLANG_WARN_EMPTY_BODY = YES;
				CLANG_WARN_ENUM_CONVERSION = YES;
				CLANG_WARN_INFINITE_RECURSION = YES;
				CLANG_WARN_INT_CONVERSION = YES;
				CLANG_WARN_NON_LITERAL_NULL_CONVERSION = YES;
				CLANG_WARN_OBJC_IMPLICIT_RETAIN_SELF = YES;
				CLANG_WARN_OBJC_LITERAL_CONVERSION = YES;
				CLANG_WARN_OBJC_ROOT_CLASS = YES_ERROR;
				CLANG_WARN_QUOTED_INCLUDE_IN_FRAMEWORK_HEADER = YES;
				CLANG_WARN_RANGE_LOOP_ANALYSIS = YES;
				CLANG_WARN_STRICT_PROTOTYPES = YES;
				CLANG_WARN_SUSPICIOUS_MOVE = YES;
				CLANG_WARN_UNGUARDED_AVAILABILITY = YES_AGGRESSIVE;
				CLANG_WARN_UNREACHABLE_CODE = YES;
				CLANG_WARN__DUPLICATE_METHOD_MATCH = YES;
				COPY_PHASE_STRIP = NO;
				DEBUG_INFORMATION_FORMAT = "dwarf-with-dsym";
				ENABLE_NS_ASSERTIONS = NO;
				ENABLE_STRICT_OBJC_MSGSEND = YES;
				GCC_C_LANGUAGE_STANDARD = gnu11;
				GCC_NO_COMMON_BLOCKS = YES;
				GCC_WARN_64_TO_32_BIT_CONVERSION = YES;
				GCC_WARN_ABOUT_RETURN_TYPE = YES_ERROR;
				GCC_WARN_UNDECLARED_SELECTOR = YES;
				GCC_WARN_UNINITIALIZED_AUTOS = YES_AGGRESSIVE;
				GCC_WARN_UNUSED_FUNCTION = YES;
				GCC_WARN_UNUSED_VARIABLE = YES;
				IPHONEOS_DEPLOYMENT_TARGET = 16.4;
				MTL_ENABLE_DEBUG_INFO = NO;
				MTL_FAST_MATH = YES;
				SDKROOT = iphoneos;
				SWIFT_COMPILATION_MODE = wholemodule;
				SWIFT_OPTIMIZATION_LEVEL = "-O";
				VALIDATE_PRODUCT = YES;
			};
			name = Release;
		};
		B95AE65E2AC19EB900E73C9F /* Debug */ = {
			isa = XCBuildConfiguration;
			buildSettings = {
				ASSETCATALOG_COMPILER_APPICON_NAME = AppIcon;
				ASSETCATALOG_COMPILER_GLOBAL_ACCENT_COLOR_NAME = AccentColor;
				CODE_SIGN_STYLE = Automatic;
				CURRENT_PROJECT_VERSION = 1;
				DEVELOPMENT_ASSET_PATHS = "\"KrishiSaathi iOS/Preview Content\"";
				DEVELOPMENT_TEAM = M46DPRX7BA;
				ENABLE_PREVIEWS = YES;
				GENERATE_INFOPLIST_FILE = YES;
				INFOPLIST_FILE = "KrishiSaathi-iOS-Info.plist";
				INFOPLIST_KEY_UIApplicationSceneManifest_Generation = YES;
				INFOPLIST_KEY_UIApplicationSupportsIndirectInputEvents = YES;
				INFOPLIST_KEY_UILaunchScreen_Generation = YES;
				INFOPLIST_KEY_UISupportedInterfaceOrientations_iPad = "UIInterfaceOrientationPortrait UIInterfaceOrientationPortraitUpsideDown UIInterfaceOrientationLandscapeLeft UIInterfaceOrientationLandscapeRight";
				INFOPLIST_KEY_UISupportedInterfaceOrientations_iPhone = "UIInterfaceOrientationPortrait UIInterfaceOrientationLandscapeLeft UIInterfaceOrientationLandscapeRight";
				LD_RUNPATH_SEARCH_PATHS = (
					"$(inherited)",
					"@executable_path/Frameworks",
				);
				MARKETING_VERSION = 1.0;
				PRODUCT_BUNDLE_IDENTIFIER = "com.rishabhlalwani.KrishiSaathi-iOS";
				PRODUCT_NAME = "$(TARGET_NAME)";
				SWIFT_EMIT_LOC_STRINGS = YES;
				SWIFT_VERSION = 5.0;
				TARGETED_DEVICE_FAMILY = "1,2";
			};
			name = Debug;
		};
		B95AE65F2AC19EB900E73C9F /* Release */ = {
			isa = XCBuildConfiguration;
			buildSettings = {
				ASSETCATALOG_COMPILER_APPICON_NAME = AppIcon;
				ASSETCATALOG_COMPILER_GLOBAL_ACCENT_COLOR_NAME = AccentColor;
				CODE_SIGN_STYLE = Automatic;
				CURRENT_PROJECT_VERSION = 1;
				DEVELOPMENT_ASSET_PATHS = "\"KrishiSaathi iOS/Preview Content\"";
				DEVELOPMENT_TEAM = M46DPRX7BA;
				ENABLE_PREVIEWS = YES;
				GENERATE_INFOPLIST_FILE = YES;
				INFOPLIST_FILE = "KrishiSaathi-iOS-Info.plist";
				INFOPLIST_KEY_UIApplicationSceneManifest_Generation = YES;
				INFOPLIST_KEY_UIApplicationSupportsIndirectInputEvents = YES;
				INFOPLIST_KEY_UILaunchScreen_Generation = YES;
				INFOPLIST_KEY_UISupportedInterfaceOrientations_iPad = "UIInterfaceOrientationPortrait UIInterfaceOrientationPortraitUpsideDown UIInterfaceOrientationLandscapeLeft UIInterfaceOrientationLandscapeRight";
				INFOPLIST_KEY_UISupportedInterfaceOrientations_iPhone = "UIInterfaceOrientationPortrait UIInterfaceOrientationLandscapeLeft UIInterfaceOrientationLandscapeRight";
				LD_RUNPATH_SEARCH_PATHS = (
					"$(inherited)",
					"@executable_path/Frameworks",
				);
				MARKETING_VERSION = 1.0;
				PRODUCT_BUNDLE_IDENTIFIER = "com.rishabhlalwani.KrishiSaathi-iOS";
				PRODUCT_NAME = "$(TARGET_NAME)";
				SWIFT_EMIT_LOC_STRINGS = YES;
				SWIFT_VERSION = 5.0;
				TARGETED_DEVICE_FAMILY = "1,2";
			};
			name = Release;
		};
		B95AE6612AC19EB900E73C9F /* Debug */ = {
			isa = XCBuildConfiguration;
			buildSettings = {
				ALWAYS_EMBED_SWIFT_STANDARD_LIBRARIES = YES;
				BUNDLE_LOADER = "$(TEST_HOST)";
				CODE_SIGN_STYLE = Automatic;
				CURRENT_PROJECT_VERSION = 1;
				DEVELOPMENT_TEAM = M46DPRX7BA;
				GENERATE_INFOPLIST_FILE = YES;
				IPHONEOS_DEPLOYMENT_TARGET = 16.4;
				MARKETING_VERSION = 1.0;
				PRODUCT_BUNDLE_IDENTIFIER = "com.rishabhlalwani.KrishiSaathi-iOSTests";
				PRODUCT_NAME = "$(TARGET_NAME)";
				SWIFT_EMIT_LOC_STRINGS = NO;
				SWIFT_VERSION = 5.0;
				TARGETED_DEVICE_FAMILY = "1,2";
				TEST_HOST = "$(BUILT_PRODUCTS_DIR)/KrishiSaathi iOS.app/$(BUNDLE_EXECUTABLE_FOLDER_PATH)/KrishiSaathi iOS";
			};
			name = Debug;
		};
		B95AE6622AC19EB900E73C9F /* Release */ = {
			isa = XCBuildConfiguration;
			buildSettings = {
				ALWAYS_EMBED_SWIFT_STANDARD_LIBRARIES = YES;
				BUNDLE_LOADER = "$(TEST_HOST)";
				CODE_SIGN_STYLE = Automatic;
				CURRENT_PROJECT_VERSION = 1;
				DEVELOPMENT_TEAM = M46DPRX7BA;
				GENERATE_INFOPLIST_FILE = YES;
				IPHONEOS_DEPLOYMENT_TARGET = 16.4;
				MARKETING_VERSION = 1.0;
				PRODUCT_BUNDLE_IDENTIFIER = "com.rishabhlalwani.KrishiSaathi-iOSTests";
				PRODUCT_NAME = "$(TARGET_NAME)";
				SWIFT_EMIT_LOC_STRINGS = NO;
				SWIFT_VERSION = 5.0;
				TARGETED_DEVICE_FAMILY = "1,2";
				TEST_HOST = "$(BUILT_PRODUCTS_DIR)/KrishiSaathi iOS.app/$(BUNDLE_EXECUTABLE_FOLDER_PATH)/KrishiSaathi iOS";
			};
			name = Release;
		};
		B95AE6642AC19EB900E73C9F /* Debug */ = {
			isa = XCBuildConfiguration;
			buildSettings = {
				ALWAYS_EMBED_SWIFT_STANDARD_LIBRARIES = YES;
				CODE_SIGN_STYLE = Automatic;
				CURRENT_PROJECT_VERSION = 1;
				DEVELOPMENT_TEAM = M46DPRX7BA;
				GENERATE_INFOPLIST_FILE = YES;
				MARKETING_VERSION = 1.0;
				PRODUCT_BUNDLE_IDENTIFIER = "com.rishabhlalwani.KrishiSaathi-iOSUITests";
				PRODUCT_NAME = "$(TARGET_NAME)";
				SWIFT_EMIT_LOC_STRINGS = NO;
				SWIFT_VERSION = 5.0;
				TARGETED_DEVICE_FAMILY = "1,2";
				TEST_TARGET_NAME = "KrishiSaathi iOS";
			};
			name = Debug;
		};
		B95AE6652AC19EB900E73C9F /* Release */ = {
			isa = XCBuildConfiguration;
			buildSettings = {
				ALWAYS_EMBED_SWIFT_STANDARD_LIBRARIES = YES;
				CODE_SIGN_STYLE = Automatic;
				CURRENT_PROJECT_VERSION = 1;
				DEVELOPMENT_TEAM = M46DPRX7BA;
				GENERATE_INFOPLIST_FILE = YES;
				MARKETING_VERSION = 1.0;
				PRODUCT_BUNDLE_IDENTIFIER = "com.rishabhlalwani.KrishiSaathi-iOSUITests";
				PRODUCT_NAME = "$(TARGET_NAME)";
				SWIFT_EMIT_LOC_STRINGS = NO;
				SWIFT_VERSION = 5.0;
				TARGETED_DEVICE_FAMILY = "1,2";
				TEST_TARGET_NAME = "KrishiSaathi iOS";
			};
			name = Release;
		};
/* End XCBuildConfiguration section */

/* Begin XCConfigurationList section */
		B95AE6342AC19EB700E73C9F /* Build configuration list for PBXProject "KrishiSaathi iOS" */ = {
			isa = XCConfigurationList;
			buildConfigurations = (
				B95AE65B2AC19EB900E73C9F /* Debug */,
				B95AE65C2AC19EB900E73C9F /* Release */,
			);
			defaultConfigurationIsVisible = 0;
			defaultConfigurationName = Release;
		};
		B95AE65D2AC19EB900E73C9F /* Build configuration list for PBXNativeTarget "KrishiSaathi iOS" */ = {
			isa = XCConfigurationList;
			buildConfigurations = (
				B95AE65E2AC19EB900E73C9F /* Debug */,
				B95AE65F2AC19EB900E73C9F /* Release */,
			);
			defaultConfigurationIsVisible = 0;
			defaultConfigurationName = Release;
		};
		B95AE6602AC19EB900E73C9F /* Build configuration list for PBXNativeTarget "KrishiSaathi iOSTests" */ = {
			isa = XCConfigurationList;
			buildConfigurations = (
				B95AE6612AC19EB900E73C9F /* Debug */,
				B95AE6622AC19EB900E73C9F /* Release */,
			);
			defaultConfigurationIsVisible = 0;
			defaultConfigurationName = Release;
		};
		B95AE6632AC19EB900E73C9F /* Build configuration list for PBXNativeTarget "KrishiSaathi iOSUITests" */ = {
			isa = XCConfigurationList;
			buildConfigurations = (
				B95AE6642AC19EB900E73C9F /* Debug */,
				B95AE6652AC19EB900E73C9F /* Release */,
			);
			defaultConfigurationIsVisible = 0;
			defaultConfigurationName = Release;
		};
/* End XCConfigurationList section */

/* Begin XCRemoteSwiftPackageReference section */
		B923B4EC2AC1B21D00F79057 /* XCRemoteSwiftPackageReference "GoogleSignIn-iOS" */ = {
			isa = XCRemoteSwiftPackageReference;
			repositoryURL = "https://github.com/google/GoogleSignIn-iOS.git";
			requirement = {
				kind = upToNextMajorVersion;
				minimumVersion = 7.0.0;
			};
		};
		B95AE6682AC1A4A500E73C9F /* XCRemoteSwiftPackageReference "firebase-ios-sdk" */ = {
			isa = XCRemoteSwiftPackageReference;
			repositoryURL = "https://github.com/firebase/firebase-ios-sdk";
			requirement = {
				kind = upToNextMajorVersion;
				minimumVersion = 10.0.0;
			};
		};
/* End XCRemoteSwiftPackageReference section */

/* Begin XCSwiftPackageProductDependency section */
		B923B4ED2AC1B21D00F79057 /* GoogleSignIn */ = {
			isa = XCSwiftPackageProductDependency;
			package = B923B4EC2AC1B21D00F79057 /* XCRemoteSwiftPackageReference "GoogleSignIn-iOS" */;
			productName = GoogleSignIn;
		};
		B923B4EF2AC1B21D00F79057 /* GoogleSignInSwift */ = {
			isa = XCSwiftPackageProductDependency;
			package = B923B4EC2AC1B21D00F79057 /* XCRemoteSwiftPackageReference "GoogleSignIn-iOS" */;
			productName = GoogleSignInSwift;
		};
		B95AE6692AC1A4A500E73C9F /* FirebaseAuth */ = {
			isa = XCSwiftPackageProductDependency;
			package = B95AE6682AC1A4A500E73C9F /* XCRemoteSwiftPackageReference "firebase-ios-sdk" */;
			productName = FirebaseAuth;
		};
/* End XCSwiftPackageProductDependency section */
	};
	rootObject = B95AE6312AC19EB700E73C9F /* Project object */;
}
